
Microsoft Visual Studio Solution File, Format Version 12.00
# Visual Studio Version 17
VisualStudioVersion = 17.14.36301.6 d17.14
MinimumVisualStudioVersion = 10.0.40219.1
Project("{FAE04EC0-301F-11D3-BF4B-00C04F79EFBC}") = "StoicWorkout12.08", "StoicWorkout12.08\StoicWorkout12.08.csproj", "{342745C3-A065-4183-8340-8E2CD8FDE371}"
EndProject
Global
	GlobalSection(SolutionConfigurationPlatforms) = preSolution
		Debug|Any CPU = Debug|Any CPU
		Release|Any CPU = Release|Any CPU
	EndGlobalSection
	GlobalSection(ProjectConfigurationPlatforms) = postSolution
		{342745C3-A065-4183-8340-8E2CD8FDE371}.Debug|Any CPU.ActiveCfg = Debug|Any CPU
		{342745C3-A065-4183-8340-8E2CD8FDE371}.Debug|Any CPU.Build.0 = Debug|Any CPU
		{342745C3-A065-4183-8340-8E2CD8FDE371}.Release|Any CPU.ActiveCfg = Release|Any CPU
		{342745C3-A065-4183-8340-8E2CD8FDE371}.Release|Any CPU.Build.0 = Release|Any CPU
	EndGlobalSection
	GlobalSection(SolutionProperties) = preSolution
		HideSolutionNode = FALSE
	EndGlobalSection
	GlobalSection(ExtensibilityGlobals) = postSolution
		SolutionGuid = {70F39181-EF7E-44C7-9B26-213F941AF745}
	EndGlobalSection
EndGlobal
