
Microsoft Visual Studio Solution File, Format Version 12.00
# Visual Studio Version 17
VisualStudioVersion = 17.14.36429.23 d17.14
MinimumVisualStudioVersion = 10.0.40219.1
Project("{2150E333-8FDC-42A3-9474-1A3956D46DE8}") = "DataAcsess", "DataAcsess", "{02EA681E-C7D8-13C7-8484-4AC65E1B71E8}"
EndProject
Project("{FAE04EC0-301F-11D3-BF4B-00C04F79EFBC}") = "DAL", "DAL\DAL.csproj", "{2C5D58F4-D61F-4064-B318-3BD05A154957}"
EndProject
Global
	GlobalSection(SolutionConfigurationPlatforms) = preSolution
		Debug|Any CPU = Debug|Any CPU
		Release|Any CPU = Release|Any CPU
	EndGlobalSection
	GlobalSection(ProjectConfigurationPlatforms) = postSolution
		{2C5D58F4-D61F-4064-B318-3BD05A154957}.Debug|Any CPU.ActiveCfg = Debug|Any CPU
		{2C5D58F4-D61F-4064-B318-3BD05A154957}.Debug|Any CPU.Build.0 = Debug|Any CPU
		{2C5D58F4-D61F-4064-B318-3BD05A154957}.Release|Any CPU.ActiveCfg = Release|Any CPU
		{2C5D58F4-D61F-4064-B318-3BD05A154957}.Release|Any CPU.Build.0 = Release|Any CPU
	EndGlobalSection
	GlobalSection(SolutionProperties) = preSolution
		HideSolutionNode = FALSE
	EndGlobalSection
	GlobalSection(NestedProjects) = preSolution
		{2C5D58F4-D61F-4064-B318-3BD05A154957} = {02EA681E-C7D8-13C7-8484-4AC65E1B71E8}
	EndGlobalSection
	GlobalSection(ExtensibilityGlobals) = postSolution
		SolutionGuid = {5E3062E6-5DF4-4301-AABA-62D2D9B192D8}
	EndGlobalSection
EndGlobal
