
Microsoft Visual Studio Solution File, Format Version 12.00
# Visual Studio Version 17
VisualStudioVersion = 17.12.35527.113
MinimumVisualStudioVersion = 10.0.40219.1
Project("{2150E333-8FDC-42A3-9474-1A3956D46DE8}") = "Solution Items", "Solution Items", "{41FFCD3F-D7EC-408E-A3BC-875A73C0B7F0}"
	ProjectSection(SolutionItems) = preProject
		appsettings.Development.json = appsettings.Development.json
		Readme.md = Readme.md
	EndProjectSection
EndProject
Project("{FAE04EC0-301F-11D3-BF4B-00C04F79EFBC}") = "DAL", "DataAccess\DAL\DAL.csproj", "{CCAE8E69-0A2A-4B4D-BE44-DA2FD3431918}"
EndProject
Project("{2150E333-8FDC-42A3-9474-1A3956D46DE8}") = "DataAccess", "DataAccess", "{66CBA7A6-CC20-41C1-B24C-00717D3B72F0}"
EndProject
Project("{FAE04EC0-301F-11D3-BF4B-00C04F79EFBC}") = "ConsoleApp1", "ConsoleApp1\ConsoleApp1.csproj", "{6F7CCD47-2E6A-4957-A49F-79F4826AEB32}"
EndProject
Project("{2150E333-8FDC-42A3-9474-1A3956D46DE8}") = "BusinessLogic", "BusinessLogic", "{D084162E-1CF5-4169-BA1B-982F1835C2DC}"
EndProject
Project("{FAE04EC0-301F-11D3-BF4B-00C04F79EFBC}") = "BLL", "BusinessLogic\BLL\BLL.csproj", "{12A52773-0D74-43BC-829F-6B795B742AD7}"
EndProject
Project("{2150E333-8FDC-42A3-9474-1A3956D46DE8}") = "Presentation", "Presentation", "{4CFD35D1-2AF3-43C4-8CD0-DB3907B4E006}"
EndProject
Project("{FAE04EC0-301F-11D3-BF4B-00C04F79EFBC}") = "MVC", "Presentation\MVC\MVC.csproj", "{4EA85C1E-2B59-4E68-8357-2AB8163DFB20}"
EndProject
Project("{2150E333-8FDC-42A3-9474-1A3956D46DE8}") = "IOC", "IOC", "{6EB37AA3-C86E-44BD-BC5C-51EAEDD3114B}"
EndProject
Project("{FAE04EC0-301F-11D3-BF4B-00C04F79EFBC}") = "IOC", "IOC\IOC\IOC.csproj", "{CEAADF1D-7783-461F-8181-54694FB28EB8}"
EndProject
Project("{FAE04EC0-301F-11D3-BF4B-00C04F79EFBC}") = "API", "API\API.csproj", "{9706C9C7-D94F-45D7-9B9B-1A4F5D4F73A7}"
EndProject
Project("{2150E333-8FDC-42A3-9474-1A3956D46DE8}") = "ApplicationInterface", "ApplicationInterface", "{02EA681E-C7D8-13C7-8484-4AC65E1B71E8}"
EndProject
Global
	GlobalSection(SolutionConfigurationPlatforms) = preSolution
		Debug|Any CPU = Debug|Any CPU
		Release|Any CPU = Release|Any CPU
	EndGlobalSection
	GlobalSection(ProjectConfigurationPlatforms) = postSolution
		{CCAE8E69-0A2A-4B4D-BE44-DA2FD3431918}.Debug|Any CPU.ActiveCfg = Debug|Any CPU
		{CCAE8E69-0A2A-4B4D-BE44-DA2FD3431918}.Debug|Any CPU.Build.0 = Debug|Any CPU
		{CCAE8E69-0A2A-4B4D-BE44-DA2FD3431918}.Release|Any CPU.ActiveCfg = Release|Any CPU
		{CCAE8E69-0A2A-4B4D-BE44-DA2FD3431918}.Release|Any CPU.Build.0 = Release|Any CPU
		{6F7CCD47-2E6A-4957-A49F-79F4826AEB32}.Debug|Any CPU.ActiveCfg = Debug|Any CPU
		{6F7CCD47-2E6A-4957-A49F-79F4826AEB32}.Debug|Any CPU.Build.0 = Debug|Any CPU
		{6F7CCD47-2E6A-4957-A49F-79F4826AEB32}.Release|Any CPU.ActiveCfg = Release|Any CPU
		{6F7CCD47-2E6A-4957-A49F-79F4826AEB32}.Release|Any CPU.Build.0 = Release|Any CPU
		{12A52773-0D74-43BC-829F-6B795B742AD7}.Debug|Any CPU.ActiveCfg = Debug|Any CPU
		{12A52773-0D74-43BC-829F-6B795B742AD7}.Debug|Any CPU.Build.0 = Debug|Any CPU
		{12A52773-0D74-43BC-829F-6B795B742AD7}.Release|Any CPU.ActiveCfg = Release|Any CPU
		{12A52773-0D74-43BC-829F-6B795B742AD7}.Release|Any CPU.Build.0 = Release|Any CPU
		{4EA85C1E-2B59-4E68-8357-2AB8163DFB20}.Debug|Any CPU.ActiveCfg = Debug|Any CPU
		{4EA85C1E-2B59-4E68-8357-2AB8163DFB20}.Debug|Any CPU.Build.0 = Debug|Any CPU
		{4EA85C1E-2B59-4E68-8357-2AB8163DFB20}.Release|Any CPU.ActiveCfg = Release|Any CPU
		{4EA85C1E-2B59-4E68-8357-2AB8163DFB20}.Release|Any CPU.Build.0 = Release|Any CPU
		{CEAADF1D-7783-461F-8181-54694FB28EB8}.Debug|Any CPU.ActiveCfg = Debug|Any CPU
		{CEAADF1D-7783-461F-8181-54694FB28EB8}.Debug|Any CPU.Build.0 = Debug|Any CPU
		{CEAADF1D-7783-461F-8181-54694FB28EB8}.Release|Any CPU.ActiveCfg = Release|Any CPU
		{CEAADF1D-7783-461F-8181-54694FB28EB8}.Release|Any CPU.Build.0 = Release|Any CPU
		{9706C9C7-D94F-45D7-9B9B-1A4F5D4F73A7}.Debug|Any CPU.ActiveCfg = Debug|Any CPU
		{9706C9C7-D94F-45D7-9B9B-1A4F5D4F73A7}.Debug|Any CPU.Build.0 = Debug|Any CPU
		{9706C9C7-D94F-45D7-9B9B-1A4F5D4F73A7}.Release|Any CPU.ActiveCfg = Release|Any CPU
		{9706C9C7-D94F-45D7-9B9B-1A4F5D4F73A7}.Release|Any CPU.Build.0 = Release|Any CPU
	EndGlobalSection
	GlobalSection(SolutionProperties) = preSolution
		HideSolutionNode = FALSE
	EndGlobalSection
	GlobalSection(NestedProjects) = preSolution
		{CCAE8E69-0A2A-4B4D-BE44-DA2FD3431918} = {66CBA7A6-CC20-41C1-B24C-00717D3B72F0}
		{12A52773-0D74-43BC-829F-6B795B742AD7} = {D084162E-1CF5-4169-BA1B-982F1835C2DC}
		{4EA85C1E-2B59-4E68-8357-2AB8163DFB20} = {4CFD35D1-2AF3-43C4-8CD0-DB3907B4E006}
		{CEAADF1D-7783-461F-8181-54694FB28EB8} = {6EB37AA3-C86E-44BD-BC5C-51EAEDD3114B}
		{9706C9C7-D94F-45D7-9B9B-1A4F5D4F73A7} = {02EA681E-C7D8-13C7-8484-4AC65E1B71E8}
	EndGlobalSection
	GlobalSection(ExtensibilityGlobals) = postSolution
		SolutionGuid = {B9BB8553-CFE7-4856-993E-FAB2F8030BC9}
	EndGlobalSection
EndGlobal
