
Microsoft Visual Studio Solution File, Format Version 12.00
# Visual Studio Version 17
VisualStudioVersion = 17.14.36301.6 d17.14
MinimumVisualStudioVersion = 10.0.40219.1
Project("{FAE04EC0-301F-11D3-BF4B-00C04F79EFBC}") = "CA_GenelTekrarDrills", "CA_GenelTekrarDrills\CA_GenelTekrarDrills.csproj", "{66585AF7-6EE1-42AA-8243-82F7E5AD43E5}"
EndProject
Global
	GlobalSection(SolutionConfigurationPlatforms) = preSolution
		Debug|Any CPU = Debug|Any CPU
		Release|Any CPU = Release|Any CPU
	EndGlobalSection
	GlobalSection(ProjectConfigurationPlatforms) = postSolution
		{66585AF7-6EE1-42AA-8243-82F7E5AD43E5}.Debug|Any CPU.ActiveCfg = Debug|Any CPU
		{66585AF7-6EE1-42AA-8243-82F7E5AD43E5}.Debug|Any CPU.Build.0 = Debug|Any CPU
		{66585AF7-6EE1-42AA-8243-82F7E5AD43E5}.Release|Any CPU.ActiveCfg = Release|Any CPU
		{66585AF7-6EE1-42AA-8243-82F7E5AD43E5}.Release|Any CPU.Build.0 = Release|Any CPU
	EndGlobalSection
	GlobalSection(SolutionProperties) = preSolution
		HideSolutionNode = FALSE
	EndGlobalSection
	GlobalSection(ExtensibilityGlobals) = postSolution
		SolutionGuid = {D95DB844-40C8-4F26-BB6E-A9C73B699177}
	EndGlobalSection
EndGlobal
