
Microsoft Visual Studio Solution File, Format Version 12.00
# Visual Studio Version 17
VisualStudioVersion = 17.14.36301.6 d17.14
MinimumVisualStudioVersion = 10.0.40219.1
Project("{FAE04EC0-301F-11D3-BF4B-00C04F79EFBC}") = "CA_InsanKaynakları", "CA_InsanKaynakları\CA_InsanKaynakları.csproj", "{CE868D63-69D6-405C-8EC0-94472D32CC54}"
EndProject
Global
	GlobalSection(SolutionConfigurationPlatforms) = preSolution
		Debug|Any CPU = Debug|Any CPU
		Release|Any CPU = Release|Any CPU
	EndGlobalSection
	GlobalSection(ProjectConfigurationPlatforms) = postSolution
		{CE868D63-69D6-405C-8EC0-94472D32CC54}.Debug|Any CPU.ActiveCfg = Debug|Any CPU
		{CE868D63-69D6-405C-8EC0-94472D32CC54}.Debug|Any CPU.Build.0 = Debug|Any CPU
		{CE868D63-69D6-405C-8EC0-94472D32CC54}.Release|Any CPU.ActiveCfg = Release|Any CPU
		{CE868D63-69D6-405C-8EC0-94472D32CC54}.Release|Any CPU.Build.0 = Release|Any CPU
	EndGlobalSection
	GlobalSection(SolutionProperties) = preSolution
		HideSolutionNode = FALSE
	EndGlobalSection
	GlobalSection(ExtensibilityGlobals) = postSolution
		SolutionGuid = {54933D11-F7DE-4623-B68B-E85691A398FF}
	EndGlobalSection
EndGlobal
