
Microsoft Visual Studio Solution File, Format Version 12.00
# Visual Studio Version 17
VisualStudioVersion = 17.14.36301.6 d17.14
MinimumVisualStudioVersion = 10.0.40219.1
Project("{FAE04EC0-301F-11D3-BF4B-00C04F79EFBC}") = "Core", "Core\Core.csproj", "{0134AB9B-5CFE-4FF6-8EC9-C5F28FDBBFC8}"
EndProject
Global
	GlobalSection(SolutionConfigurationPlatforms) = preSolution
		Debug|Any CPU = Debug|Any CPU
		Release|Any CPU = Release|Any CPU
	EndGlobalSection
	GlobalSection(ProjectConfigurationPlatforms) = postSolution
		{0134AB9B-5CFE-4FF6-8EC9-C5F28FDBBFC8}.Debug|Any CPU.ActiveCfg = Debug|Any CPU
		{0134AB9B-5CFE-4FF6-8EC9-C5F28FDBBFC8}.Debug|Any CPU.Build.0 = Debug|Any CPU
		{0134AB9B-5CFE-4FF6-8EC9-C5F28FDBBFC8}.Release|Any CPU.ActiveCfg = Release|Any CPU
		{0134AB9B-5CFE-4FF6-8EC9-C5F28FDBBFC8}.Release|Any CPU.Build.0 = Release|Any CPU
	EndGlobalSection
	GlobalSection(SolutionProperties) = preSolution
		HideSolutionNode = FALSE
	EndGlobalSection
	GlobalSection(ExtensibilityGlobals) = postSolution
		SolutionGuid = {36243E87-3E45-4855-BB28-D72A3B0D674F}
	EndGlobalSection
EndGlobal
