
Microsoft Visual Studio Solution File, Format Version 12.00
# Visual Studio Version 17
VisualStudioVersion = 17.14.36301.6 d17.14
MinimumVisualStudioVersion = 10.0.40219.1
Project("{FAE04EC0-301F-11D3-BF4B-00C04F79EFBC}") = "CA_YapayZekaIleOyunYapımı", "CA_YapayZekaIleOyunYapımı\CA_YapayZekaIleOyunYapımı.csproj", "{44FD66D9-FF24-4BA2-B198-F0AF85CB5A63}"
EndProject
Global
	GlobalSection(SolutionConfigurationPlatforms) = preSolution
		Debug|Any CPU = Debug|Any CPU
		Release|Any CPU = Release|Any CPU
	EndGlobalSection
	GlobalSection(ProjectConfigurationPlatforms) = postSolution
		{44FD66D9-FF24-4BA2-B198-F0AF85CB5A63}.Debug|Any CPU.ActiveCfg = Debug|Any CPU
		{44FD66D9-FF24-4BA2-B198-F0AF85CB5A63}.Debug|Any CPU.Build.0 = Debug|Any CPU
		{44FD66D9-FF24-4BA2-B198-F0AF85CB5A63}.Release|Any CPU.ActiveCfg = Release|Any CPU
		{44FD66D9-FF24-4BA2-B198-F0AF85CB5A63}.Release|Any CPU.Build.0 = Release|Any CPU
	EndGlobalSection
	GlobalSection(SolutionProperties) = preSolution
		HideSolutionNode = FALSE
	EndGlobalSection
	GlobalSection(ExtensibilityGlobals) = postSolution
		SolutionGuid = {3938A55B-ABE9-480B-AA58-CCCCC76A3D90}
	EndGlobalSection
EndGlobal
