
Microsoft Visual Studio Solution File, Format Version 12.00
# Visual Studio Version 17
VisualStudioVersion = 17.14.36301.6 d17.14
MinimumVisualStudioVersion = 10.0.40219.1
Project("{FAE04EC0-301F-11D3-BF4B-00C04F79EFBC}") = "WEBFitnessDrill1", "WEBFitnessDrill1\WEBFitnessDrill1.csproj", "{571A704D-D51A-42E7-B08A-EDF611DE0AD9}"
EndProject
Global
	GlobalSection(SolutionConfigurationPlatforms) = preSolution
		Debug|Any CPU = Debug|Any CPU
		Release|Any CPU = Release|Any CPU
	EndGlobalSection
	GlobalSection(ProjectConfigurationPlatforms) = postSolution
		{571A704D-D51A-42E7-B08A-EDF611DE0AD9}.Debug|Any CPU.ActiveCfg = Debug|Any CPU
		{571A704D-D51A-42E7-B08A-EDF611DE0AD9}.Debug|Any CPU.Build.0 = Debug|Any CPU
		{571A704D-D51A-42E7-B08A-EDF611DE0AD9}.Release|Any CPU.ActiveCfg = Release|Any CPU
		{571A704D-D51A-42E7-B08A-EDF611DE0AD9}.Release|Any CPU.Build.0 = Release|Any CPU
	EndGlobalSection
	GlobalSection(SolutionProperties) = preSolution
		HideSolutionNode = FALSE
	EndGlobalSection
	GlobalSection(ExtensibilityGlobals) = postSolution
		SolutionGuid = {65AB6E32-ECF2-45A3-BDB3-AE179B11094E}
	EndGlobalSection
EndGlobal
