
Microsoft Visual Studio Solution File, Format Version 12.00
# Visual Studio Version 17
VisualStudioVersion = 17.14.36301.6 d17.14
MinimumVisualStudioVersion = 10.0.40219.1
Project("{FAE04EC0-301F-11D3-BF4B-00C04F79EFBC}") = "CA_KahveSiparisOdevOrtak", "CA_KahveSiparisOdevOrtak\CA_KahveSiparisOdevOrtak.csproj", "{960A6F02-11B8-4711-BE6B-71792FA929FD}"
EndProject
Global
	GlobalSection(SolutionConfigurationPlatforms) = preSolution
		Debug|Any CPU = Debug|Any CPU
		Release|Any CPU = Release|Any CPU
	EndGlobalSection
	GlobalSection(ProjectConfigurationPlatforms) = postSolution
		{960A6F02-11B8-4711-BE6B-71792FA929FD}.Debug|Any CPU.ActiveCfg = Debug|Any CPU
		{960A6F02-11B8-4711-BE6B-71792FA929FD}.Debug|Any CPU.Build.0 = Debug|Any CPU
		{960A6F02-11B8-4711-BE6B-71792FA929FD}.Release|Any CPU.ActiveCfg = Release|Any CPU
		{960A6F02-11B8-4711-BE6B-71792FA929FD}.Release|Any CPU.Build.0 = Release|Any CPU
	EndGlobalSection
	GlobalSection(SolutionProperties) = preSolution
		HideSolutionNode = FALSE
	EndGlobalSection
	GlobalSection(ExtensibilityGlobals) = postSolution
		SolutionGuid = {CB9CF127-1E82-4A91-828E-261C06EC7130}
	EndGlobalSection
EndGlobal
