
Microsoft Visual Studio Solution File, Format Version 12.00
# Visual Studio Version 17
VisualStudioVersion = 17.14.36301.6 d17.14
MinimumVisualStudioVersion = 10.0.40219.1
Project("{FAE04EC0-301F-11D3-BF4B-00C04F79EFBC}") = "MVC_CodeFirst_StoicWorkout", "MVC_CodeFirst_StoicWorkout\MVC_CodeFirst_StoicWorkout.csproj", "{3BE7BB93-788B-4ED9-BA2C-064DDED26BAC}"
EndProject
Global
	GlobalSection(SolutionConfigurationPlatforms) = preSolution
		Debug|Any CPU = Debug|Any CPU
		Release|Any CPU = Release|Any CPU
	EndGlobalSection
	GlobalSection(ProjectConfigurationPlatforms) = postSolution
		{3BE7BB93-788B-4ED9-BA2C-064DDED26BAC}.Debug|Any CPU.ActiveCfg = Debug|Any CPU
		{3BE7BB93-788B-4ED9-BA2C-064DDED26BAC}.Debug|Any CPU.Build.0 = Debug|Any CPU
		{3BE7BB93-788B-4ED9-BA2C-064DDED26BAC}.Release|Any CPU.ActiveCfg = Release|Any CPU
		{3BE7BB93-788B-4ED9-BA2C-064DDED26BAC}.Release|Any CPU.Build.0 = Release|Any CPU
	EndGlobalSection
	GlobalSection(SolutionProperties) = preSolution
		HideSolutionNode = FALSE
	EndGlobalSection
	GlobalSection(ExtensibilityGlobals) = postSolution
		SolutionGuid = {8F60F9A5-F86A-4628-B3C2-146B1D0A12F4}
	EndGlobalSection
EndGlobal
